
Microsoft Visual Studio Solution File, Format Version 12.00
# Visual Studio Version 17
VisualStudioVersion = 17.7.34031.279
MinimumVisualStudioVersion = 10.0.40219.1
Project("{9A19103F-16F7-4668-BE54-9A1E7A4F7556}") = "TowerOfHanoiSimulation", "TowerOfHanoiSimulation.csproj", "{2B869708-2FCF-45A3-9003-AF5270739031}"
EndProject
Global
	GlobalSection(SolutionConfigurationPlatforms) = preSolution
		Debug|Any CPU = Debug|Any CPU
		Release|Any CPU = Release|Any CPU
	EndGlobalSection
	GlobalSection(ProjectConfigurationPlatforms) = postSolution
		{2B869708-2FCF-45A3-9003-AF5270739031}.Debug|Any CPU.ActiveCfg = Debug|Any CPU
		{2B869708-2FCF-45A3-9003-AF5270739031}.Debug|Any CPU.Build.0 = Debug|Any CPU
		{2B869708-2FCF-45A3-9003-AF5270739031}.Release|Any CPU.ActiveCfg = Release|Any CPU
		{2B869708-2FCF-45A3-9003-AF5270739031}.Release|Any CPU.Build.0 = Release|Any CPU
	EndGlobalSection
	GlobalSection(SolutionProperties) = preSolution
		HideSolutionNode = FALSE
	EndGlobalSection
	GlobalSection(ExtensibilityGlobals) = postSolution
		SolutionGuid = {F2CB715B-8690-4E3C-A3AA-BA86F5E7D3FD}
	EndGlobalSection
EndGlobal
